
Microsoft Visual Studio Solution File, Format Version 12.00
# Visual Studio 15
VisualStudioVersion = 15.0.26228.10
MinimumVisualStudioVersion = 10.0.40219.1
Project("{FAE04EC0-301F-11D3-BF4B-00C04F79EFBC}") = "MigrationsDemo.Site", "MigrationsDemo.Site\MigrationsDemo.Site.csproj", "{ECA69026-670A-433B-A866-B725966F31E0}"
EndProject
Project("{FAE04EC0-301F-11D3-BF4B-00C04F79EFBC}") = "MigrationDemo.Core", "MigrationDemo.Core\MigrationDemo.Core.csproj", "{2F420F7D-BACF-470F-8724-415CEE09C1DC}"
EndProject
Global
	GlobalSection(SolutionConfigurationPlatforms) = preSolution
		Debug|Any CPU = Debug|Any CPU
		Release|Any CPU = Release|Any CPU
	EndGlobalSection
	GlobalSection(ProjectConfigurationPlatforms) = postSolution
		{ECA69026-670A-433B-A866-B725966F31E0}.Debug|Any CPU.ActiveCfg = Debug|Any CPU
		{ECA69026-670A-433B-A866-B725966F31E0}.Debug|Any CPU.Build.0 = Debug|Any CPU
		{ECA69026-670A-433B-A866-B725966F31E0}.Release|Any CPU.ActiveCfg = Release|Any CPU
		{ECA69026-670A-433B-A866-B725966F31E0}.Release|Any CPU.Build.0 = Release|Any CPU
		{2F420F7D-BACF-470F-8724-415CEE09C1DC}.Debug|Any CPU.ActiveCfg = Debug|Any CPU
		{2F420F7D-BACF-470F-8724-415CEE09C1DC}.Debug|Any CPU.Build.0 = Debug|Any CPU
		{2F420F7D-BACF-470F-8724-415CEE09C1DC}.Release|Any CPU.ActiveCfg = Release|Any CPU
		{2F420F7D-BACF-470F-8724-415CEE09C1DC}.Release|Any CPU.Build.0 = Release|Any CPU
	EndGlobalSection
	GlobalSection(SolutionProperties) = preSolution
		HideSolutionNode = FALSE
	EndGlobalSection
	GlobalSection(ExtensibilityGlobals) = postSolution
		SolutionGuid = {B8F752FB-D798-4E58-A618-FA909FD50F58}
	EndGlobalSection
EndGlobal
